
Microsoft Visual Studio Solution File, Format Version 12.00
# Visual Studio Version 17
VisualStudioVersion = 17.11.35219.272
MinimumVisualStudioVersion = 10.0.40219.1
Project("{9A19103F-16F7-4668-BE54-9A1E7A4F7556}") = "JTechPorfolio", "JTechPorfolio\JTechPorfolio.csproj", "{2022649A-C1B8-450C-980C-61DC0A76FE8A}"
EndProject
Global
	GlobalSection(SolutionConfigurationPlatforms) = preSolution
		Debug|Any CPU = Debug|Any CPU
		Release|Any CPU = Release|Any CPU
	EndGlobalSection
	GlobalSection(ProjectConfigurationPlatforms) = postSolution
		{2022649A-C1B8-450C-980C-61DC0A76FE8A}.Debug|Any CPU.ActiveCfg = Debug|Any CPU
		{2022649A-C1B8-450C-980C-61DC0A76FE8A}.Debug|Any CPU.Build.0 = Debug|Any CPU
		{2022649A-C1B8-450C-980C-61DC0A76FE8A}.Release|Any CPU.ActiveCfg = Release|Any CPU
		{2022649A-C1B8-450C-980C-61DC0A76FE8A}.Release|Any CPU.Build.0 = Release|Any CPU
	EndGlobalSection
	GlobalSection(SolutionProperties) = preSolution
		HideSolutionNode = FALSE
	EndGlobalSection
	GlobalSection(ExtensibilityGlobals) = postSolution
		SolutionGuid = {719BFB8C-EF20-4BD1-AF65-452E2DF435F6}
	EndGlobalSection
EndGlobal
